// !$*UTF8*$!
{
	archiveVersion = 1;
	classes = {
	};
	objectVersion = 51;
	objects = {

/* Begin PBXBuildFile section */
		1E64C7442205D4D300EF91A3 /* EnvironmentProtocol.swift in Sources */ = {isa = PBXBuildFile; fileRef = 1E64C7432205D4D300EF91A3 /* EnvironmentProtocol.swift */; };
		1E64C7462205D52C00EF91A3 /* Environment.swift in Sources */ = {isa = PBXBuildFile; fileRef = 1E64C7452205D52C00EF91A3 /* Environment.swift */; };
		1E64C7482205ECE900EF91A3 /* EnvironmentConsumer.swift in Sources */ = {isa = PBXBuildFile; fileRef = 1E64C7472205ECE900EF91A3 /* EnvironmentConsumer.swift */; };
		1E64C74B2205F34A00EF91A3 /* MainUserInterfaceBuilder.swift in Sources */ = {isa = PBXBuildFile; fileRef = 1E64C74A2205F34A00EF91A3 /* MainUserInterfaceBuilder.swift */; };
		1E64C74D2205F38000EF91A3 /* BuilderProtocol.swift in Sources */ = {isa = PBXBuildFile; fileRef = 1E64C74C2205F38000EF91A3 /* BuilderProtocol.swift */; };
		1E64C7522205F90D00EF91A3 /* MainListBuilder.swift in Sources */ = {isa = PBXBuildFile; fileRef = 1E64C7512205F90D00EF91A3 /* MainListBuilder.swift */; };
		1E6FB79B2225E524008E8A7E /* MainListTableViewCell.xib in Resources */ = {isa = PBXBuildFile; fileRef = 1E6FB79A2225E524008E8A7E /* MainListTableViewCell.xib */; };
		1E6FB79D2225EA8C008E8A7E /* MainListTableViewCell.swift in Sources */ = {isa = PBXBuildFile; fileRef = 1E6FB79C2225EA8C008E8A7E /* MainListTableViewCell.swift */; };
		1EB64490220103B3002F2188 /* Result.swift in Sources */ = {isa = PBXBuildFile; fileRef = 1EB6448F220103B3002F2188 /* Result.swift */; };
		1EB64495220105CB002F2188 /* VendorsDataManagerProtocol.swift in Sources */ = {isa = PBXBuildFile; fileRef = 1EB64494220105CB002F2188 /* VendorsDataManagerProtocol.swift */; };
		1EB64499220106E8002F2188 /* WebServiceProtocol.swift in Sources */ = {isa = PBXBuildFile; fileRef = 1EB64498220106E8002F2188 /* WebServiceProtocol.swift */; };
		1EB6449B220107A6002F2188 /* WebService.swift in Sources */ = {isa = PBXBuildFile; fileRef = 1EB6449A220107A6002F2188 /* WebService.swift */; };
		1EB6449D22010AA0002F2188 /* MainListInteractorProtocol.swift in Sources */ = {isa = PBXBuildFile; fileRef = 1EB6449C22010AA0002F2188 /* MainListInteractorProtocol.swift */; };
		1EB6449F22010BAF002F2188 /* MainListInteractor.swift in Sources */ = {isa = PBXBuildFile; fileRef = 1EB6449E22010BAF002F2188 /* MainListInteractor.swift */; };
		1EC9110E21FFB3E00019F069 /* ViperViewController.swift in Sources */ = {isa = PBXBuildFile; fileRef = 1EC9110D21FFB3E00019F069 /* ViperViewController.swift */; };
		1EC9111021FFB4220019F069 /* PresenterProtocol.swift in Sources */ = {isa = PBXBuildFile; fileRef = 1EC9110F21FFB4220019F069 /* PresenterProtocol.swift */; };
		1EC9111221FFB43B0019F069 /* ViewProtocol.swift in Sources */ = {isa = PBXBuildFile; fileRef = 1EC9111121FFB43B0019F069 /* ViewProtocol.swift */; };
		1EC9111421FFB7610019F069 /* MainListPresenter.swift in Sources */ = {isa = PBXBuildFile; fileRef = 1EC9111321FFB7610019F069 /* MainListPresenter.swift */; };
		1EC9111621FFB79A0019F069 /* MainListPresenterProtocol.swift in Sources */ = {isa = PBXBuildFile; fileRef = 1EC9111521FFB79A0019F069 /* MainListPresenterProtocol.swift */; };
		1EC9111821FFB8A30019F069 /* MainListViewController.swift in Sources */ = {isa = PBXBuildFile; fileRef = 1EC9111721FFB8A30019F069 /* MainListViewController.swift */; };
		1ED243E122049F3E000021CD /* VendorsDataManager.swift in Sources */ = {isa = PBXBuildFile; fileRef = 1ED243E022049F3E000021CD /* VendorsDataManager.swift */; };
		1ED243E42204A231000021CD /* VendorsServiceProtocol.swift in Sources */ = {isa = PBXBuildFile; fileRef = 1ED243E32204A231000021CD /* VendorsServiceProtocol.swift */; };
		1ED243E72204C3CD000021CD /* VendorsService.swift in Sources */ = {isa = PBXBuildFile; fileRef = 1ED243E62204C3CD000021CD /* VendorsService.swift */; };
		1EDC8D612206097800047D96 /* MainListTableViewDataSource.swift in Sources */ = {isa = PBXBuildFile; fileRef = 1EDC8D602206097800047D96 /* MainListTableViewDataSource.swift */; };
		1EE2B0FA21FA5D7800A090D4 /* AppDelegate.swift in Sources */ = {isa = PBXBuildFile; fileRef = 1EE2B0F921FA5D7800A090D4 /* AppDelegate.swift */; };
		1EE2B0FF21FA5D7800A090D4 /* Main.storyboard in Resources */ = {isa = PBXBuildFile; fileRef = 1EE2B0FD21FA5D7800A090D4 /* Main.storyboard */; };
		1EE2B10221FA5D7800A090D4 /* LocalBitcoin.xcdatamodeld in Sources */ = {isa = PBXBuildFile; fileRef = 1EE2B10021FA5D7800A090D4 /* LocalBitcoin.xcdatamodeld */; };
		1EE2B10421FA5D7900A090D4 /* Assets.xcassets in Resources */ = {isa = PBXBuildFile; fileRef = 1EE2B10321FA5D7900A090D4 /* Assets.xcassets */; };
		1EE2B10721FA5D7900A090D4 /* LaunchScreen.storyboard in Resources */ = {isa = PBXBuildFile; fileRef = 1EE2B10521FA5D7900A090D4 /* LaunchScreen.storyboard */; };
		1EE2B11221FA5D7900A090D4 /* LocalBitcoinTests.swift in Sources */ = {isa = PBXBuildFile; fileRef = 1EE2B11121FA5D7900A090D4 /* LocalBitcoinTests.swift */; };
		1EE2B11D21FA5D7900A090D4 /* LocalBitcoinUITests.swift in Sources */ = {isa = PBXBuildFile; fileRef = 1EE2B11C21FA5D7900A090D4 /* LocalBitcoinUITests.swift */; };
		1EE3C4C42208ED6B002C1E2F /* MainListModel.swift in Sources */ = {isa = PBXBuildFile; fileRef = 1EE3C4C32208ED6B002C1E2F /* MainListModel.swift */; };
		1EE3C4C72208F1C5002C1E2F /* MainListViewModel.swift in Sources */ = {isa = PBXBuildFile; fileRef = 1EE3C4C62208F1C5002C1E2F /* MainListViewModel.swift */; };
		45E1CDEA7997FBD5794A2D12 /* Pods_LocalBitcoin.framework in Frameworks */ = {isa = PBXBuildFile; fileRef = D7E05EE29792CAF64767F8F4 /* Pods_LocalBitcoin.framework */; };
		4D6F572FAAC2B2F36AD18A23 /* Pods_LocalBitcoinTests.framework in Frameworks */ = {isa = PBXBuildFile; fileRef = 47A6EB65A09DBEEBB0BADAD4 /* Pods_LocalBitcoinTests.framework */; };
		8727C4A922D1044200A50A33 /* UIViewExtension.swift in Sources */ = {isa = PBXBuildFile; fileRef = 8727C4A822D1044200A50A33 /* UIViewExtension.swift */; };
		A8ADE78C2236B9B700F942B7 /* DateExtension.swift in Sources */ = {isa = PBXBuildFile; fileRef = A8ADE78B2236B9B700F942B7 /* DateExtension.swift */; };
		A8ADE78F2236C0E400F942B7 /* CryptoAlgorithm.swift in Sources */ = {isa = PBXBuildFile; fileRef = A8ADE78E2236C0E400F942B7 /* CryptoAlgorithm.swift */; };
		A8ADE7912236C14600F942B7 /* DataExtension.swift in Sources */ = {isa = PBXBuildFile; fileRef = A8ADE7902236C14600F942B7 /* DataExtension.swift */; };
		A8ADE7932236C28600F942B7 /* StringExtension.swift in Sources */ = {isa = PBXBuildFile; fileRef = A8ADE7922236C28600F942B7 /* StringExtension.swift */; };
		C028DA6F90AD47B40AC097A0 /* Pods_LocalBitcoinUITests.framework in Frameworks */ = {isa = PBXBuildFile; fileRef = F41914B4BE927E6624334678 /* Pods_LocalBitcoinUITests.framework */; };
		C58485662258BB0300BA1502 /* CountriesViewController.swift in Sources */ = {isa = PBXBuildFile; fileRef = C58485652258BB0300BA1502 /* CountriesViewController.swift */; };
		C58485682258BB2D00BA1502 /* CountriesPresenter.swift in Sources */ = {isa = PBXBuildFile; fileRef = C58485672258BB2D00BA1502 /* CountriesPresenter.swift */; };
		C584856A2258BB4300BA1502 /* CountriesPresenterProtocol.swift in Sources */ = {isa = PBXBuildFile; fileRef = C58485692258BB4300BA1502 /* CountriesPresenterProtocol.swift */; };
		C584856C2258BB7700BA1502 /* CountriesInteractor.swift in Sources */ = {isa = PBXBuildFile; fileRef = C584856B2258BB7700BA1502 /* CountriesInteractor.swift */; };
		C584856E2258BB8F00BA1502 /* CountriesInteractorProtocol.swift in Sources */ = {isa = PBXBuildFile; fileRef = C584856D2258BB8F00BA1502 /* CountriesInteractorProtocol.swift */; };
		C58485702258BBBE00BA1502 /* CountriesRouter.swift in Sources */ = {isa = PBXBuildFile; fileRef = C584856F2258BBBE00BA1502 /* CountriesRouter.swift */; };
		C58485722258BBD000BA1502 /* CountriesRouterProtocol.swift in Sources */ = {isa = PBXBuildFile; fileRef = C58485712258BBD000BA1502 /* CountriesRouterProtocol.swift */; };
		C58485752258BC1800BA1502 /* CountriesBuilder.swift in Sources */ = {isa = PBXBuildFile; fileRef = C58485742258BC1800BA1502 /* CountriesBuilder.swift */; };
		C58485792258D32B00BA1502 /* CountriesDataManager.swift in Sources */ = {isa = PBXBuildFile; fileRef = C58485782258D32B00BA1502 /* CountriesDataManager.swift */; };
		C584857B2258D35000BA1502 /* CountriesDataManagerProtocol.swift in Sources */ = {isa = PBXBuildFile; fileRef = C584857A2258D35000BA1502 /* CountriesDataManagerProtocol.swift */; };
		C584857E2258D57100BA1502 /* Countries.swift in Sources */ = {isa = PBXBuildFile; fileRef = C584857D2258D57100BA1502 /* Countries.swift */; };
		C58485812258D82000BA1502 /* CountriesService.swift in Sources */ = {isa = PBXBuildFile; fileRef = C58485802258D82000BA1502 /* CountriesService.swift */; };
		C58485832258F67D00BA1502 /* CountriesServiceProtocol.swift in Sources */ = {isa = PBXBuildFile; fileRef = C58485822258F67D00BA1502 /* CountriesServiceProtocol.swift */; };
		C5848585225BDB9000BA1502 /* CountriesViewController.xib in Resources */ = {isa = PBXBuildFile; fileRef = C5848584225BDB9000BA1502 /* CountriesViewController.xib */; };
		C5848589225BEC9E00BA1502 /* CountryTableViewCell.swift in Sources */ = {isa = PBXBuildFile; fileRef = C5848587225BEC9E00BA1502 /* CountryTableViewCell.swift */; };
		C584858A225BEC9E00BA1502 /* CountryTableViewCell.xib in Resources */ = {isa = PBXBuildFile; fileRef = C5848588225BEC9E00BA1502 /* CountryTableViewCell.xib */; };
		C5F53B342279ECE2008F542C /* MainListRouterProtocol.swift in Sources */ = {isa = PBXBuildFile; fileRef = C5F53B332279ECE2008F542C /* MainListRouterProtocol.swift */; };
		C5F53B362279ED11008F542C /* MainListRouter.swift in Sources */ = {isa = PBXBuildFile; fileRef = C5F53B352279ED11008F542C /* MainListRouter.swift */; };
		C5F53B392279F579008F542C /* RusableCellProtocol.swift in Sources */ = {isa = PBXBuildFile; fileRef = C5F53B382279F579008F542C /* RusableCellProtocol.swift */; };
		C5F53B3C2279F620008F542C /* TableViewCellExtension.swift in Sources */ = {isa = PBXBuildFile; fileRef = C5F53B3B2279F620008F542C /* TableViewCellExtension.swift */; };
		C5F53B3E2279F679008F542C /* TableViewExtension.swift in Sources */ = {isa = PBXBuildFile; fileRef = C5F53B3D2279F679008F542C /* TableViewExtension.swift */; };
		C5F53B40227A1127008F542C /* LocaleExtension.swift in Sources */ = {isa = PBXBuildFile; fileRef = C5F53B3F227A1127008F542C /* LocaleExtension.swift */; };
/* End PBXBuildFile section */

/* Begin PBXContainerItemProxy section */
		1EE2B10E21FA5D7900A090D4 /* PBXContainerItemProxy */ = {
			isa = PBXContainerItemProxy;
			containerPortal = 1EE2B0EE21FA5D7700A090D4 /* Project object */;
			proxyType = 1;
			remoteGlobalIDString = 1EE2B0F521FA5D7800A090D4;
			remoteInfo = LocalBitcoin;
		};
		1EE2B11921FA5D7900A090D4 /* PBXContainerItemProxy */ = {
			isa = PBXContainerItemProxy;
			containerPortal = 1EE2B0EE21FA5D7700A090D4 /* Project object */;
			proxyType = 1;
			remoteGlobalIDString = 1EE2B0F521FA5D7800A090D4;
			remoteInfo = LocalBitcoin;
		};
/* End PBXContainerItemProxy section */

/* Begin PBXFileReference section */
		1D0E3C8B24878047F644221D /* Pods-LocalBitcoinTests.debug.xcconfig */ = {isa = PBXFileReference; includeInIndex = 1; lastKnownFileType = text.xcconfig; name = "Pods-LocalBitcoinTests.debug.xcconfig"; path = "Pods/Target Support Files/Pods-LocalBitcoinTests/Pods-LocalBitcoinTests.debug.xcconfig"; sourceTree = "<group>"; };
		1E64C7432205D4D300EF91A3 /* EnvironmentProtocol.swift */ = {isa = PBXFileReference; lastKnownFileType = sourcecode.swift; path = EnvironmentProtocol.swift; sourceTree = "<group>"; };
		1E64C7452205D52C00EF91A3 /* Environment.swift */ = {isa = PBXFileReference; lastKnownFileType = sourcecode.swift; path = Environment.swift; sourceTree = "<group>"; };
		1E64C7472205ECE900EF91A3 /* EnvironmentConsumer.swift */ = {isa = PBXFileReference; lastKnownFileType = sourcecode.swift; path = EnvironmentConsumer.swift; sourceTree = "<group>"; };
		1E64C74A2205F34A00EF91A3 /* MainUserInterfaceBuilder.swift */ = {isa = PBXFileReference; lastKnownFileType = sourcecode.swift; path = MainUserInterfaceBuilder.swift; sourceTree = "<group>"; };
		1E64C74C2205F38000EF91A3 /* BuilderProtocol.swift */ = {isa = PBXFileReference; lastKnownFileType = sourcecode.swift; path = BuilderProtocol.swift; sourceTree = "<group>"; };
		1E64C7512205F90D00EF91A3 /* MainListBuilder.swift */ = {isa = PBXFileReference; lastKnownFileType = sourcecode.swift; path = MainListBuilder.swift; sourceTree = "<group>"; };
		1E6FB79A2225E524008E8A7E /* MainListTableViewCell.xib */ = {isa = PBXFileReference; lastKnownFileType = file.xib; path = MainListTableViewCell.xib; sourceTree = "<group>"; };
		1E6FB79C2225EA8C008E8A7E /* MainListTableViewCell.swift */ = {isa = PBXFileReference; lastKnownFileType = sourcecode.swift; path = MainListTableViewCell.swift; sourceTree = "<group>"; };
		1EB6448F220103B3002F2188 /* Result.swift */ = {isa = PBXFileReference; lastKnownFileType = sourcecode.swift; path = Result.swift; sourceTree = "<group>"; };
		1EB64494220105CB002F2188 /* VendorsDataManagerProtocol.swift */ = {isa = PBXFileReference; lastKnownFileType = sourcecode.swift; path = VendorsDataManagerProtocol.swift; sourceTree = "<group>"; };
		1EB64498220106E8002F2188 /* WebServiceProtocol.swift */ = {isa = PBXFileReference; lastKnownFileType = sourcecode.swift; path = WebServiceProtocol.swift; sourceTree = "<group>"; };
		1EB6449A220107A6002F2188 /* WebService.swift */ = {isa = PBXFileReference; lastKnownFileType = sourcecode.swift; path = WebService.swift; sourceTree = "<group>"; };
		1EB6449C22010AA0002F2188 /* MainListInteractorProtocol.swift */ = {isa = PBXFileReference; lastKnownFileType = sourcecode.swift; path = MainListInteractorProtocol.swift; sourceTree = "<group>"; };
		1EB6449E22010BAF002F2188 /* MainListInteractor.swift */ = {isa = PBXFileReference; lastKnownFileType = sourcecode.swift; path = MainListInteractor.swift; sourceTree = "<group>"; };
		1EC9110D21FFB3E00019F069 /* ViperViewController.swift */ = {isa = PBXFileReference; lastKnownFileType = sourcecode.swift; path = ViperViewController.swift; sourceTree = "<group>"; };
		1EC9110F21FFB4220019F069 /* PresenterProtocol.swift */ = {isa = PBXFileReference; lastKnownFileType = sourcecode.swift; path = PresenterProtocol.swift; sourceTree = "<group>"; };
		1EC9111121FFB43B0019F069 /* ViewProtocol.swift */ = {isa = PBXFileReference; lastKnownFileType = sourcecode.swift; path = ViewProtocol.swift; sourceTree = "<group>"; };
		1EC9111321FFB7610019F069 /* MainListPresenter.swift */ = {isa = PBXFileReference; lastKnownFileType = sourcecode.swift; path = MainListPresenter.swift; sourceTree = "<group>"; };
		1EC9111521FFB79A0019F069 /* MainListPresenterProtocol.swift */ = {isa = PBXFileReference; lastKnownFileType = sourcecode.swift; path = MainListPresenterProtocol.swift; sourceTree = "<group>"; };
		1EC9111721FFB8A30019F069 /* MainListViewController.swift */ = {isa = PBXFileReference; lastKnownFileType = sourcecode.swift; path = MainListViewController.swift; sourceTree = "<group>"; };
		1ED243E022049F3E000021CD /* VendorsDataManager.swift */ = {isa = PBXFileReference; lastKnownFileType = sourcecode.swift; path = VendorsDataManager.swift; sourceTree = "<group>"; };
		1ED243E32204A231000021CD /* VendorsServiceProtocol.swift */ = {isa = PBXFileReference; lastKnownFileType = sourcecode.swift; path = VendorsServiceProtocol.swift; sourceTree = "<group>"; };
		1ED243E62204C3CD000021CD /* VendorsService.swift */ = {isa = PBXFileReference; lastKnownFileType = sourcecode.swift; path = VendorsService.swift; sourceTree = "<group>"; };
		1EDC8D602206097800047D96 /* MainListTableViewDataSource.swift */ = {isa = PBXFileReference; lastKnownFileType = sourcecode.swift; path = MainListTableViewDataSource.swift; sourceTree = "<group>"; };
		1EE2B0F621FA5D7800A090D4 /* LocalBitcoin.app */ = {isa = PBXFileReference; explicitFileType = wrapper.application; includeInIndex = 0; path = LocalBitcoin.app; sourceTree = BUILT_PRODUCTS_DIR; };
		1EE2B0F921FA5D7800A090D4 /* AppDelegate.swift */ = {isa = PBXFileReference; lastKnownFileType = sourcecode.swift; path = AppDelegate.swift; sourceTree = "<group>"; };
		1EE2B0FE21FA5D7800A090D4 /* Base */ = {isa = PBXFileReference; lastKnownFileType = file.storyboard; name = Base; path = Base.lproj/Main.storyboard; sourceTree = "<group>"; };
		1EE2B10121FA5D7800A090D4 /* LocalBitcoin.xcdatamodel */ = {isa = PBXFileReference; lastKnownFileType = wrapper.xcdatamodel; path = LocalBitcoin.xcdatamodel; sourceTree = "<group>"; };
		1EE2B10321FA5D7900A090D4 /* Assets.xcassets */ = {isa = PBXFileReference; lastKnownFileType = folder.assetcatalog; path = Assets.xcassets; sourceTree = "<group>"; };
		1EE2B10621FA5D7900A090D4 /* Base */ = {isa = PBXFileReference; lastKnownFileType = file.storyboard; name = Base; path = Base.lproj/LaunchScreen.storyboard; sourceTree = "<group>"; };
		1EE2B10821FA5D7900A090D4 /* Info.plist */ = {isa = PBXFileReference; lastKnownFileType = text.plist.xml; path = Info.plist; sourceTree = "<group>"; };
		1EE2B10D21FA5D7900A090D4 /* LocalBitcoinTests.xctest */ = {isa = PBXFileReference; explicitFileType = wrapper.cfbundle; includeInIndex = 0; path = LocalBitcoinTests.xctest; sourceTree = BUILT_PRODUCTS_DIR; };
		1EE2B11121FA5D7900A090D4 /* LocalBitcoinTests.swift */ = {isa = PBXFileReference; lastKnownFileType = sourcecode.swift; path = LocalBitcoinTests.swift; sourceTree = "<group>"; };
		1EE2B11321FA5D7900A090D4 /* Info.plist */ = {isa = PBXFileReference; lastKnownFileType = text.plist.xml; path = Info.plist; sourceTree = "<group>"; };
		1EE2B11821FA5D7900A090D4 /* LocalBitcoinUITests.xctest */ = {isa = PBXFileReference; explicitFileType = wrapper.cfbundle; includeInIndex = 0; path = LocalBitcoinUITests.xctest; sourceTree = BUILT_PRODUCTS_DIR; };
		1EE2B11C21FA5D7900A090D4 /* LocalBitcoinUITests.swift */ = {isa = PBXFileReference; lastKnownFileType = sourcecode.swift; path = LocalBitcoinUITests.swift; sourceTree = "<group>"; };
		1EE2B11E21FA5D7900A090D4 /* Info.plist */ = {isa = PBXFileReference; lastKnownFileType = text.plist.xml; path = Info.plist; sourceTree = "<group>"; };
		1EE3C4C32208ED6B002C1E2F /* MainListModel.swift */ = {isa = PBXFileReference; lastKnownFileType = sourcecode.swift; path = MainListModel.swift; sourceTree = "<group>"; };
		1EE3C4C62208F1C5002C1E2F /* MainListViewModel.swift */ = {isa = PBXFileReference; lastKnownFileType = sourcecode.swift; path = MainListViewModel.swift; sourceTree = "<group>"; };
		46C362AED1B8D9930D7A473B /* Pods-LocalBitcoinTests.release.xcconfig */ = {isa = PBXFileReference; includeInIndex = 1; lastKnownFileType = text.xcconfig; name = "Pods-LocalBitcoinTests.release.xcconfig"; path = "Pods/Target Support Files/Pods-LocalBitcoinTests/Pods-LocalBitcoinTests.release.xcconfig"; sourceTree = "<group>"; };
		47A6EB65A09DBEEBB0BADAD4 /* Pods_LocalBitcoinTests.framework */ = {isa = PBXFileReference; explicitFileType = wrapper.framework; includeInIndex = 0; path = Pods_LocalBitcoinTests.framework; sourceTree = BUILT_PRODUCTS_DIR; };
		6891610F5DBFF663BB4FCCE9 /* Pods-LocalBitcoinUITests.debug.xcconfig */ = {isa = PBXFileReference; includeInIndex = 1; lastKnownFileType = text.xcconfig; name = "Pods-LocalBitcoinUITests.debug.xcconfig"; path = "Pods/Target Support Files/Pods-LocalBitcoinUITests/Pods-LocalBitcoinUITests.debug.xcconfig"; sourceTree = "<group>"; };
		789F1FD5514971FE77E48228 /* Pods-LocalBitcoin.release.xcconfig */ = {isa = PBXFileReference; includeInIndex = 1; lastKnownFileType = text.xcconfig; name = "Pods-LocalBitcoin.release.xcconfig"; path = "Pods/Target Support Files/Pods-LocalBitcoin/Pods-LocalBitcoin.release.xcconfig"; sourceTree = "<group>"; };
		8727C4A822D1044200A50A33 /* UIViewExtension.swift */ = {isa = PBXFileReference; lastKnownFileType = sourcecode.swift; path = UIViewExtension.swift; sourceTree = "<group>"; };
		A8ADE78B2236B9B700F942B7 /* DateExtension.swift */ = {isa = PBXFileReference; lastKnownFileType = sourcecode.swift; path = DateExtension.swift; sourceTree = "<group>"; };
		A8ADE78E2236C0E400F942B7 /* CryptoAlgorithm.swift */ = {isa = PBXFileReference; lastKnownFileType = sourcecode.swift; path = CryptoAlgorithm.swift; sourceTree = "<group>"; };
		A8ADE7902236C14600F942B7 /* DataExtension.swift */ = {isa = PBXFileReference; lastKnownFileType = sourcecode.swift; path = DataExtension.swift; sourceTree = "<group>"; };
		A8ADE7922236C28600F942B7 /* StringExtension.swift */ = {isa = PBXFileReference; lastKnownFileType = sourcecode.swift; path = StringExtension.swift; sourceTree = "<group>"; };
		C12F70F427603806DE628A59 /* Pods-LocalBitcoinUITests.release.xcconfig */ = {isa = PBXFileReference; includeInIndex = 1; lastKnownFileType = text.xcconfig; name = "Pods-LocalBitcoinUITests.release.xcconfig"; path = "Pods/Target Support Files/Pods-LocalBitcoinUITests/Pods-LocalBitcoinUITests.release.xcconfig"; sourceTree = "<group>"; };
		C58485652258BB0300BA1502 /* CountriesViewController.swift */ = {isa = PBXFileReference; lastKnownFileType = sourcecode.swift; path = CountriesViewController.swift; sourceTree = "<group>"; };
		C58485672258BB2D00BA1502 /* CountriesPresenter.swift */ = {isa = PBXFileReference; lastKnownFileType = sourcecode.swift; path = CountriesPresenter.swift; sourceTree = "<group>"; };
		C58485692258BB4300BA1502 /* CountriesPresenterProtocol.swift */ = {isa = PBXFileReference; lastKnownFileType = sourcecode.swift; path = CountriesPresenterProtocol.swift; sourceTree = "<group>"; };
		C584856B2258BB7700BA1502 /* CountriesInteractor.swift */ = {isa = PBXFileReference; lastKnownFileType = sourcecode.swift; path = CountriesInteractor.swift; sourceTree = "<group>"; };
		C584856D2258BB8F00BA1502 /* CountriesInteractorProtocol.swift */ = {isa = PBXFileReference; lastKnownFileType = sourcecode.swift; path = CountriesInteractorProtocol.swift; sourceTree = "<group>"; };
		C584856F2258BBBE00BA1502 /* CountriesRouter.swift */ = {isa = PBXFileReference; lastKnownFileType = sourcecode.swift; path = CountriesRouter.swift; sourceTree = "<group>"; };
		C58485712258BBD000BA1502 /* CountriesRouterProtocol.swift */ = {isa = PBXFileReference; lastKnownFileType = sourcecode.swift; path = CountriesRouterProtocol.swift; sourceTree = "<group>"; };
		C58485742258BC1800BA1502 /* CountriesBuilder.swift */ = {isa = PBXFileReference; lastKnownFileType = sourcecode.swift; path = CountriesBuilder.swift; sourceTree = "<group>"; };
		C58485782258D32B00BA1502 /* CountriesDataManager.swift */ = {isa = PBXFileReference; lastKnownFileType = sourcecode.swift; path = CountriesDataManager.swift; sourceTree = "<group>"; };
		C584857A2258D35000BA1502 /* CountriesDataManagerProtocol.swift */ = {isa = PBXFileReference; lastKnownFileType = sourcecode.swift; path = CountriesDataManagerProtocol.swift; sourceTree = "<group>"; };
		C584857D2258D57100BA1502 /* Countries.swift */ = {isa = PBXFileReference; lastKnownFileType = sourcecode.swift; path = Countries.swift; sourceTree = "<group>"; };
		C58485802258D82000BA1502 /* CountriesService.swift */ = {isa = PBXFileReference; lastKnownFileType = sourcecode.swift; path = CountriesService.swift; sourceTree = "<group>"; };
		C58485822258F67D00BA1502 /* CountriesServiceProtocol.swift */ = {isa = PBXFileReference; lastKnownFileType = sourcecode.swift; path = CountriesServiceProtocol.swift; sourceTree = "<group>"; };
		C5848584225BDB9000BA1502 /* CountriesViewController.xib */ = {isa = PBXFileReference; lastKnownFileType = file.xib; path = CountriesViewController.xib; sourceTree = "<group>"; };
		C5848587225BEC9E00BA1502 /* CountryTableViewCell.swift */ = {isa = PBXFileReference; lastKnownFileType = sourcecode.swift; path = CountryTableViewCell.swift; sourceTree = "<group>"; };
		C5848588225BEC9E00BA1502 /* CountryTableViewCell.xib */ = {isa = PBXFileReference; lastKnownFileType = file.xib; path = CountryTableViewCell.xib; sourceTree = "<group>"; };
		C5F53B332279ECE2008F542C /* MainListRouterProtocol.swift */ = {isa = PBXFileReference; lastKnownFileType = sourcecode.swift; path = MainListRouterProtocol.swift; sourceTree = "<group>"; };
		C5F53B352279ED11008F542C /* MainListRouter.swift */ = {isa = PBXFileReference; lastKnownFileType = sourcecode.swift; path = MainListRouter.swift; sourceTree = "<group>"; };
		C5F53B382279F579008F542C /* RusableCellProtocol.swift */ = {isa = PBXFileReference; lastKnownFileType = sourcecode.swift; path = RusableCellProtocol.swift; sourceTree = "<group>"; };
		C5F53B3B2279F620008F542C /* TableViewCellExtension.swift */ = {isa = PBXFileReference; lastKnownFileType = sourcecode.swift; path = TableViewCellExtension.swift; sourceTree = "<group>"; };
		C5F53B3D2279F679008F542C /* TableViewExtension.swift */ = {isa = PBXFileReference; lastKnownFileType = sourcecode.swift; path = TableViewExtension.swift; sourceTree = "<group>"; };
		C5F53B3F227A1127008F542C /* LocaleExtension.swift */ = {isa = PBXFileReference; lastKnownFileType = sourcecode.swift; path = LocaleExtension.swift; sourceTree = "<group>"; };
		D7E05EE29792CAF64767F8F4 /* Pods_LocalBitcoin.framework */ = {isa = PBXFileReference; explicitFileType = wrapper.framework; includeInIndex = 0; path = Pods_LocalBitcoin.framework; sourceTree = BUILT_PRODUCTS_DIR; };
		F41914B4BE927E6624334678 /* Pods_LocalBitcoinUITests.framework */ = {isa = PBXFileReference; explicitFileType = wrapper.framework; includeInIndex = 0; path = Pods_LocalBitcoinUITests.framework; sourceTree = BUILT_PRODUCTS_DIR; };
		FF942E57BEEAF169324274F7 /* Pods-LocalBitcoin.debug.xcconfig */ = {isa = PBXFileReference; includeInIndex = 1; lastKnownFileType = text.xcconfig; name = "Pods-LocalBitcoin.debug.xcconfig"; path = "Pods/Target Support Files/Pods-LocalBitcoin/Pods-LocalBitcoin.debug.xcconfig"; sourceTree = "<group>"; };
/* End PBXFileReference section */

/* Begin PBXFrameworksBuildPhase section */
		1EE2B0F321FA5D7800A090D4 /* Frameworks */ = {
			isa = PBXFrameworksBuildPhase;
			buildActionMask = 2147483647;
			files = (
				45E1CDEA7997FBD5794A2D12 /* Pods_LocalBitcoin.framework in Frameworks */,
			);
			runOnlyForDeploymentPostprocessing = 0;
		};
		1EE2B10A21FA5D7900A090D4 /* Frameworks */ = {
			isa = PBXFrameworksBuildPhase;
			buildActionMask = 2147483647;
			files = (
				4D6F572FAAC2B2F36AD18A23 /* Pods_LocalBitcoinTests.framework in Frameworks */,
			);
			runOnlyForDeploymentPostprocessing = 0;
		};
		1EE2B11521FA5D7900A090D4 /* Frameworks */ = {
			isa = PBXFrameworksBuildPhase;
			buildActionMask = 2147483647;
			files = (
				C028DA6F90AD47B40AC097A0 /* Pods_LocalBitcoinUITests.framework in Frameworks */,
			);
			runOnlyForDeploymentPostprocessing = 0;
		};
/* End PBXFrameworksBuildPhase section */

/* Begin PBXGroup section */
		1E64C7422205D4B300EF91A3 /* Environment */ = {
			isa = PBXGroup;
			children = (
				1E64C7432205D4D300EF91A3 /* EnvironmentProtocol.swift */,
				1E64C7452205D52C00EF91A3 /* Environment.swift */,
				1E64C7472205ECE900EF91A3 /* EnvironmentConsumer.swift */,
			);
			path = Environment;
			sourceTree = "<group>";
		};
		1E64C74E2205F88600EF91A3 /* Modules */ = {
			isa = PBXGroup;
			children = (
				C584855D2258B6CE00BA1502 /* Countries */,
				1E64C74F2205F88D00EF91A3 /* MainUserInterface */,
				1EE2B12A21FA5DF500A090D4 /* MainList */,
			);
			path = Modules;
			sourceTree = "<group>";
		};
		1E64C74F2205F88D00EF91A3 /* MainUserInterface */ = {
			isa = PBXGroup;
			children = (
				1E64C7502205F8B000EF91A3 /* Builder */,
			);
			path = MainUserInterface;
			sourceTree = "<group>";
		};
		1E64C7502205F8B000EF91A3 /* Builder */ = {
			isa = PBXGroup;
			children = (
				1E64C74A2205F34A00EF91A3 /* MainUserInterfaceBuilder.swift */,
			);
			path = Builder;
			sourceTree = "<group>";
		};
		1EB6448C2201037F002F2188 /* Shared */ = {
			isa = PBXGroup;
			children = (
				1EB64496220106C3002F2188 /* Services */,
				1EB6448D2201038F002F2188 /* Utilities */,
			);
			path = Shared;
			sourceTree = "<group>";
		};
		1EB6448D2201038F002F2188 /* Utilities */ = {
			isa = PBXGroup;
			children = (
				C5F53B3A2279F5BE008F542C /* Protocols */,
				A8ADE78D2236BA2100F942B7 /* HMAC */,
				A8ADE78A2236ADDC00F942B7 /* Extensions */,
				1EB6448E220103A5002F2188 /* Result */,
			);
			path = Utilities;
			sourceTree = "<group>";
		};
		1EB6448E220103A5002F2188 /* Result */ = {
			isa = PBXGroup;
			children = (
				1EB6448F220103B3002F2188 /* Result.swift */,
			);
			path = Result;
			sourceTree = "<group>";
		};
		1EB6449122010462002F2188 /* Domains */ = {
			isa = PBXGroup;
			children = (
				C58485762258D2EC00BA1502 /* Countries */,
				1EB644922201054C002F2188 /* Vendors */,
			);
			path = Domains;
			sourceTree = "<group>";
		};
		1EB644922201054C002F2188 /* Vendors */ = {
			isa = PBXGroup;
			children = (
				1ED243E22204A205000021CD /* Service */,
				1EB6449322010591002F2188 /* DataManager */,
			);
			path = Vendors;
			sourceTree = "<group>";
		};
		1EB6449322010591002F2188 /* DataManager */ = {
			isa = PBXGroup;
			children = (
				1EB64494220105CB002F2188 /* VendorsDataManagerProtocol.swift */,
				1ED243E022049F3E000021CD /* VendorsDataManager.swift */,
			);
			path = DataManager;
			sourceTree = "<group>";
		};
		1EB64496220106C3002F2188 /* Services */ = {
			isa = PBXGroup;
			children = (
				1EB64497220106CD002F2188 /* Web */,
			);
			path = Services;
			sourceTree = "<group>";
		};
		1EB64497220106CD002F2188 /* Web */ = {
			isa = PBXGroup;
			children = (
				1EB64498220106E8002F2188 /* WebServiceProtocol.swift */,
				1EB6449A220107A6002F2188 /* WebService.swift */,
			);
			path = Web;
			sourceTree = "<group>";
		};
		1EC9110421FFB2730019F069 /* Builder */ = {
			isa = PBXGroup;
			children = (
				1E64C7512205F90D00EF91A3 /* MainListBuilder.swift */,
			);
			path = Builder;
			sourceTree = "<group>";
		};
		1EC9110521FFB2810019F069 /* Router */ = {
			isa = PBXGroup;
			children = (
				C5F53B332279ECE2008F542C /* MainListRouterProtocol.swift */,
				C5F53B352279ED11008F542C /* MainListRouter.swift */,
			);
			path = Router;
			sourceTree = "<group>";
		};
		1EC9110621FFB2A80019F069 /* Interactor */ = {
			isa = PBXGroup;
			children = (
				1EB6449C22010AA0002F2188 /* MainListInteractorProtocol.swift */,
				1EB6449E22010BAF002F2188 /* MainListInteractor.swift */,
			);
			path = Interactor;
			sourceTree = "<group>";
		};
		1EC9110721FFB2B40019F069 /* Presenter */ = {
			isa = PBXGroup;
			children = (
				1EC9111521FFB79A0019F069 /* MainListPresenterProtocol.swift */,
				1EC9111321FFB7610019F069 /* MainListPresenter.swift */,
			);
			path = Presenter;
			sourceTree = "<group>";
		};
		1EC9110921FFB2D40019F069 /* View */ = {
			isa = PBXGroup;
			children = (
				1E6FB79A2225E524008E8A7E /* MainListTableViewCell.xib */,
				1E6FB79C2225EA8C008E8A7E /* MainListTableViewCell.swift */,
				1EE2B0FD21FA5D7800A090D4 /* Main.storyboard */,
				1EC9111721FFB8A30019F069 /* MainListViewController.swift */,
				1EDC8D602206097800047D96 /* MainListTableViewDataSource.swift */,
			);
			path = View;
			sourceTree = "<group>";
		};
		1EC9110A21FFB30C0019F069 /* Model */ = {
			isa = PBXGroup;
			children = (
				1EE3C4C32208ED6B002C1E2F /* MainListModel.swift */,
			);
			path = Model;
			sourceTree = "<group>";
		};
		1EC9110B21FFB3BD0019F069 /* Architecture */ = {
			isa = PBXGroup;
			children = (
				1EC9110C21FFB3CA0019F069 /* Viper */,
			);
			path = Architecture;
			sourceTree = "<group>";
		};
		1EC9110C21FFB3CA0019F069 /* Viper */ = {
			isa = PBXGroup;
			children = (
				1EC9110D21FFB3E00019F069 /* ViperViewController.swift */,
				1EC9110F21FFB4220019F069 /* PresenterProtocol.swift */,
				1EC9111121FFB43B0019F069 /* ViewProtocol.swift */,
				1E64C74C2205F38000EF91A3 /* BuilderProtocol.swift */,
			);
			path = Viper;
			sourceTree = "<group>";
		};
		1ED243E22204A205000021CD /* Service */ = {
			isa = PBXGroup;
			children = (
				1ED243E32204A231000021CD /* VendorsServiceProtocol.swift */,
				1ED243E62204C3CD000021CD /* VendorsService.swift */,
			);
			path = Service;
			sourceTree = "<group>";
		};
		1EE2B0ED21FA5D7700A090D4 = {
			isa = PBXGroup;
			children = (
				1EE2B0F821FA5D7800A090D4 /* LocalBitcoin */,
				1EE2B11021FA5D7900A090D4 /* LocalBitcoinTests */,
				1EE2B11B21FA5D7900A090D4 /* LocalBitcoinUITests */,
				1EE2B0F721FA5D7800A090D4 /* Products */,
				A9A122E54BD0B032088CBF4C /* Pods */,
				803FCB2EA9B027CB339BFD51 /* Frameworks */,
			);
			sourceTree = "<group>";
		};
		1EE2B0F721FA5D7800A090D4 /* Products */ = {
			isa = PBXGroup;
			children = (
				1EE2B0F621FA5D7800A090D4 /* LocalBitcoin.app */,
				1EE2B10D21FA5D7900A090D4 /* LocalBitcoinTests.xctest */,
				1EE2B11821FA5D7900A090D4 /* LocalBitcoinUITests.xctest */,
			);
			name = Products;
			sourceTree = "<group>";
		};
		1EE2B0F821FA5D7800A090D4 /* LocalBitcoin */ = {
			isa = PBXGroup;
			children = (
				1E64C7422205D4B300EF91A3 /* Environment */,
				1EE2B10821FA5D7900A090D4 /* Info.plist */,
				1EE2B0F921FA5D7800A090D4 /* AppDelegate.swift */,
				1EE2B10321FA5D7900A090D4 /* Assets.xcassets */,
				1EC9110B21FFB3BD0019F069 /* Architecture */,
				1EE2B12B21FA5E0800A090D4 /* CoreData */,
				1EB6449122010462002F2188 /* Domains */,
				1EE2B10521FA5D7900A090D4 /* LaunchScreen.storyboard */,
				1E64C74E2205F88600EF91A3 /* Modules */,
				1EB6448C2201037F002F2188 /* Shared */,
			);
			path = LocalBitcoin;
			sourceTree = "<group>";
		};
		1EE2B11021FA5D7900A090D4 /* LocalBitcoinTests */ = {
			isa = PBXGroup;
			children = (
				1EE2B11121FA5D7900A090D4 /* LocalBitcoinTests.swift */,
				1EE2B11321FA5D7900A090D4 /* Info.plist */,
			);
			path = LocalBitcoinTests;
			sourceTree = "<group>";
		};
		1EE2B11B21FA5D7900A090D4 /* LocalBitcoinUITests */ = {
			isa = PBXGroup;
			children = (
				1EE2B11C21FA5D7900A090D4 /* LocalBitcoinUITests.swift */,
				1EE2B11E21FA5D7900A090D4 /* Info.plist */,
			);
			path = LocalBitcoinUITests;
			sourceTree = "<group>";
		};
		1EE2B12A21FA5DF500A090D4 /* MainList */ = {
			isa = PBXGroup;
			children = (
				1EE3C4C52208F1A2002C1E2F /* ViewModel */,
				1EC9110A21FFB30C0019F069 /* Model */,
				1EC9110921FFB2D40019F069 /* View */,
				1EC9110721FFB2B40019F069 /* Presenter */,
				1EC9110621FFB2A80019F069 /* Interactor */,
				1EC9110521FFB2810019F069 /* Router */,
				1EC9110421FFB2730019F069 /* Builder */,
			);
			path = MainList;
			sourceTree = "<group>";
		};
		1EE2B12B21FA5E0800A090D4 /* CoreData */ = {
			isa = PBXGroup;
			children = (
				1EE2B10021FA5D7800A090D4 /* LocalBitcoin.xcdatamodeld */,
			);
			path = CoreData;
			sourceTree = "<group>";
		};
		1EE3C4C52208F1A2002C1E2F /* ViewModel */ = {
			isa = PBXGroup;
			children = (
				1EE3C4C62208F1C5002C1E2F /* MainListViewModel.swift */,
			);
			path = ViewModel;
			sourceTree = "<group>";
		};
		803FCB2EA9B027CB339BFD51 /* Frameworks */ = {
			isa = PBXGroup;
			children = (
				D7E05EE29792CAF64767F8F4 /* Pods_LocalBitcoin.framework */,
				47A6EB65A09DBEEBB0BADAD4 /* Pods_LocalBitcoinTests.framework */,
				F41914B4BE927E6624334678 /* Pods_LocalBitcoinUITests.framework */,
			);
			name = Frameworks;
			sourceTree = "<group>";
		};
		A8ADE78A2236ADDC00F942B7 /* Extensions */ = {
			isa = PBXGroup;
			children = (
				A8ADE78B2236B9B700F942B7 /* DateExtension.swift */,
				A8ADE7902236C14600F942B7 /* DataExtension.swift */,
				A8ADE7922236C28600F942B7 /* StringExtension.swift */,
				C5F53B3B2279F620008F542C /* TableViewCellExtension.swift */,
				C5F53B3D2279F679008F542C /* TableViewExtension.swift */,
				C5F53B3F227A1127008F542C /* LocaleExtension.swift */,
				8727C4A822D1044200A50A33 /* UIViewExtension.swift */,
			);
			path = Extensions;
			sourceTree = "<group>";
		};
		A8ADE78D2236BA2100F942B7 /* HMAC */ = {
			isa = PBXGroup;
			children = (
				A8ADE78E2236C0E400F942B7 /* CryptoAlgorithm.swift */,
			);
			path = HMAC;
			sourceTree = "<group>";
		};
		A9A122E54BD0B032088CBF4C /* Pods */ = {
			isa = PBXGroup;
			children = (
				FF942E57BEEAF169324274F7 /* Pods-LocalBitcoin.debug.xcconfig */,
				789F1FD5514971FE77E48228 /* Pods-LocalBitcoin.release.xcconfig */,
				1D0E3C8B24878047F644221D /* Pods-LocalBitcoinTests.debug.xcconfig */,
				46C362AED1B8D9930D7A473B /* Pods-LocalBitcoinTests.release.xcconfig */,
				6891610F5DBFF663BB4FCCE9 /* Pods-LocalBitcoinUITests.debug.xcconfig */,
				C12F70F427603806DE628A59 /* Pods-LocalBitcoinUITests.release.xcconfig */,
			);
			name = Pods;
			sourceTree = "<group>";
		};
		C584855D2258B6CE00BA1502 /* Countries */ = {
			isa = PBXGroup;
			children = (
				C58485732258BBE600BA1502 /* Builder */,
				C58485642258BAA400BA1502 /* Router */,
				C58485622258BA9400BA1502 /* Interactor */,
				C58485612258BA8800BA1502 /* Presenter */,
				C58485602258BA8100BA1502 /* View */,
				C584855F2258BA6500BA1502 /* ViewModel */,
			);
			path = Countries;
			sourceTree = "<group>";
		};
		C584855F2258BA6500BA1502 /* ViewModel */ = {
			isa = PBXGroup;
			children = (
			);
			path = ViewModel;
			sourceTree = "<group>";
		};
		C58485602258BA8100BA1502 /* View */ = {
			isa = PBXGroup;
			children = (
				C5848586225BEC7600BA1502 /* Cell */,
				C58485652258BB0300BA1502 /* CountriesViewController.swift */,
				C5848584225BDB9000BA1502 /* CountriesViewController.xib */,
			);
			path = View;
			sourceTree = "<group>";
		};
		C58485612258BA8800BA1502 /* Presenter */ = {
			isa = PBXGroup;
			children = (
				C58485672258BB2D00BA1502 /* CountriesPresenter.swift */,
				C58485692258BB4300BA1502 /* CountriesPresenterProtocol.swift */,
			);
			path = Presenter;
			sourceTree = "<group>";
		};
		C58485622258BA9400BA1502 /* Interactor */ = {
			isa = PBXGroup;
			children = (
				C584856B2258BB7700BA1502 /* CountriesInteractor.swift */,
				C584856D2258BB8F00BA1502 /* CountriesInteractorProtocol.swift */,
			);
			path = Interactor;
			sourceTree = "<group>";
		};
		C58485642258BAA400BA1502 /* Router */ = {
			isa = PBXGroup;
			children = (
				C584856F2258BBBE00BA1502 /* CountriesRouter.swift */,
				C58485712258BBD000BA1502 /* CountriesRouterProtocol.swift */,
			);
			path = Router;
			sourceTree = "<group>";
		};
		C58485732258BBE600BA1502 /* Builder */ = {
			isa = PBXGroup;
			children = (
				C58485742258BC1800BA1502 /* CountriesBuilder.swift */,
			);
			path = Builder;
			sourceTree = "<group>";
		};
		C58485762258D2EC00BA1502 /* Countries */ = {
			isa = PBXGroup;
			children = (
				C584857F2258D80400BA1502 /* Service */,
				C584857C2258D39E00BA1502 /* Entity */,
				C58485772258D2FB00BA1502 /* DataManager */,
			);
			path = Countries;
			sourceTree = "<group>";
		};
		C58485772258D2FB00BA1502 /* DataManager */ = {
			isa = PBXGroup;
			children = (
				C58485782258D32B00BA1502 /* CountriesDataManager.swift */,
				C584857A2258D35000BA1502 /* CountriesDataManagerProtocol.swift */,
			);
			path = DataManager;
			sourceTree = "<group>";
		};
		C584857C2258D39E00BA1502 /* Entity */ = {
			isa = PBXGroup;
			children = (
				C584857D2258D57100BA1502 /* Countries.swift */,
			);
			path = Entity;
			sourceTree = "<group>";
		};
		C584857F2258D80400BA1502 /* Service */ = {
			isa = PBXGroup;
			children = (
				C58485802258D82000BA1502 /* CountriesService.swift */,
				C58485822258F67D00BA1502 /* CountriesServiceProtocol.swift */,
			);
			path = Service;
			sourceTree = "<group>";
		};
		C5848586225BEC7600BA1502 /* Cell */ = {
			isa = PBXGroup;
			children = (
				C5848587225BEC9E00BA1502 /* CountryTableViewCell.swift */,
				C5848588225BEC9E00BA1502 /* CountryTableViewCell.xib */,
			);
			path = Cell;
			sourceTree = "<group>";
		};
		C5F53B372279F555008F542C /* TableViewCell */ = {
			isa = PBXGroup;
			children = (
				C5F53B382279F579008F542C /* RusableCellProtocol.swift */,
			);
			path = TableViewCell;
			sourceTree = "<group>";
		};
		C5F53B3A2279F5BE008F542C /* Protocols */ = {
			isa = PBXGroup;
			children = (
				C5F53B372279F555008F542C /* TableViewCell */,
			);
			path = Protocols;
			sourceTree = "<group>";
		};
/* End PBXGroup section */

/* Begin PBXNativeTarget section */
		1EE2B0F521FA5D7800A090D4 /* LocalBitcoin */ = {
			isa = PBXNativeTarget;
			buildConfigurationList = 1EE2B12121FA5D7900A090D4 /* Build configuration list for PBXNativeTarget "LocalBitcoin" */;
			buildPhases = (
				AFACB073CAD1A53866E9F157 /* [CP] Check Pods Manifest.lock */,
				1EE2B0F221FA5D7800A090D4 /* Sources */,
				1EE2B0F321FA5D7800A090D4 /* Frameworks */,
				1EE2B0F421FA5D7800A090D4 /* Resources */,
				98A5828769EA4BA6D376B3CA /* [CP] Embed Pods Frameworks */,
				8708166322BAD4E700880C78 /* ShellScript */,
			);
			buildRules = (
			);
			dependencies = (
			);
			name = LocalBitcoin;
			productName = LocalBitcoin;
			productReference = 1EE2B0F621FA5D7800A090D4 /* LocalBitcoin.app */;
			productType = "com.apple.product-type.application";
		};
		1EE2B10C21FA5D7900A090D4 /* LocalBitcoinTests */ = {
			isa = PBXNativeTarget;
			buildConfigurationList = 1EE2B12421FA5D7900A090D4 /* Build configuration list for PBXNativeTarget "LocalBitcoinTests" */;
			buildPhases = (
				EB090389B1C0F0981CCEB304 /* [CP] Check Pods Manifest.lock */,
				1EE2B10921FA5D7900A090D4 /* Sources */,
				1EE2B10A21FA5D7900A090D4 /* Frameworks */,
				1EE2B10B21FA5D7900A090D4 /* Resources */,
			);
			buildRules = (
			);
			dependencies = (
				1EE2B10F21FA5D7900A090D4 /* PBXTargetDependency */,
			);
			name = LocalBitcoinTests;
			productName = LocalBitcoinTests;
			productReference = 1EE2B10D21FA5D7900A090D4 /* LocalBitcoinTests.xctest */;
			productType = "com.apple.product-type.bundle.unit-test";
		};
		1EE2B11721FA5D7900A090D4 /* LocalBitcoinUITests */ = {
			isa = PBXNativeTarget;
			buildConfigurationList = 1EE2B12721FA5D7900A090D4 /* Build configuration list for PBXNativeTarget "LocalBitcoinUITests" */;
			buildPhases = (
				A06AB8D67550F5383E542DB9 /* [CP] Check Pods Manifest.lock */,
				1EE2B11421FA5D7900A090D4 /* Sources */,
				1EE2B11521FA5D7900A090D4 /* Frameworks */,
				1EE2B11621FA5D7900A090D4 /* Resources */,
			);
			buildRules = (
			);
			dependencies = (
				1EE2B11A21FA5D7900A090D4 /* PBXTargetDependency */,
			);
			name = LocalBitcoinUITests;
			productName = LocalBitcoinUITests;
			productReference = 1EE2B11821FA5D7900A090D4 /* LocalBitcoinUITests.xctest */;
			productType = "com.apple.product-type.bundle.ui-testing";
		};
/* End PBXNativeTarget section */

/* Begin PBXProject section */
		1EE2B0EE21FA5D7700A090D4 /* Project object */ = {
			isa = PBXProject;
			attributes = {
				LastSwiftUpdateCheck = 1010;
				LastUpgradeCheck = 1010;
				ORGANIZATIONNAME = johann;
				TargetAttributes = {
					1EE2B0F521FA5D7800A090D4 = {
						CreatedOnToolsVersion = 10.1;
					};
					1EE2B10C21FA5D7900A090D4 = {
						CreatedOnToolsVersion = 10.1;
						TestTargetID = 1EE2B0F521FA5D7800A090D4;
					};
					1EE2B11721FA5D7900A090D4 = {
						CreatedOnToolsVersion = 10.1;
						TestTargetID = 1EE2B0F521FA5D7800A090D4;
					};
				};
			};
			buildConfigurationList = 1EE2B0F121FA5D7700A090D4 /* Build configuration list for PBXProject "LocalBitcoin" */;
			compatibilityVersion = "Xcode 9.3";
			developmentRegion = en;
			hasScannedForEncodings = 0;
			knownRegions = (
				en,
				Base,
			);
			mainGroup = 1EE2B0ED21FA5D7700A090D4;
			productRefGroup = 1EE2B0F721FA5D7800A090D4 /* Products */;
			projectDirPath = "";
			projectRoot = "";
			targets = (
				1EE2B0F521FA5D7800A090D4 /* LocalBitcoin */,
				1EE2B10C21FA5D7900A090D4 /* LocalBitcoinTests */,
				1EE2B11721FA5D7900A090D4 /* LocalBitcoinUITests */,
			);
		};
/* End PBXProject section */

/* Begin PBXResourcesBuildPhase section */
		1EE2B0F421FA5D7800A090D4 /* Resources */ = {
			isa = PBXResourcesBuildPhase;
			buildActionMask = 2147483647;
			files = (
				C584858A225BEC9E00BA1502 /* CountryTableViewCell.xib in Resources */,
				1EE2B10721FA5D7900A090D4 /* LaunchScreen.storyboard in Resources */,
				1EE2B10421FA5D7900A090D4 /* Assets.xcassets in Resources */,
				1E6FB79B2225E524008E8A7E /* MainListTableViewCell.xib in Resources */,
				C5848585225BDB9000BA1502 /* CountriesViewController.xib in Resources */,
				1EE2B0FF21FA5D7800A090D4 /* Main.storyboard in Resources */,
			);
			runOnlyForDeploymentPostprocessing = 0;
		};
		1EE2B10B21FA5D7900A090D4 /* Resources */ = {
			isa = PBXResourcesBuildPhase;
			buildActionMask = 2147483647;
			files = (
			);
			runOnlyForDeploymentPostprocessing = 0;
		};
		1EE2B11621FA5D7900A090D4 /* Resources */ = {
			isa = PBXResourcesBuildPhase;
			buildActionMask = 2147483647;
			files = (
			);
			runOnlyForDeploymentPostprocessing = 0;
		};
/* End PBXResourcesBuildPhase section */

/* Begin PBXShellScriptBuildPhase section */
		8708166322BAD4E700880C78 /* ShellScript */ = {
			isa = PBXShellScriptBuildPhase;
			buildActionMask = 2147483647;
			files = (
			);
			inputFileListPaths = (
			);
			inputPaths = (
			);
			outputFileListPaths = (
			);
			outputPaths = (
			);
			runOnlyForDeploymentPostprocessing = 0;
			shellPath = /bin/sh;
			shellScript = "if which swiftlint >/dev/null; then\nswiftlint\nelse\necho \"warning: SwiftLint not installed, download from https://github.com/realm/SwiftLint\"\nfi\n";
		};
		98A5828769EA4BA6D376B3CA /* [CP] Embed Pods Frameworks */ = {
			isa = PBXShellScriptBuildPhase;
			buildActionMask = 2147483647;
			files = (
			);
			inputFileListPaths = (
				"${PODS_ROOT}/Target Support Files/Pods-LocalBitcoin/Pods-LocalBitcoin-frameworks-${CONFIGURATION}-input-files.xcfilelist",
			);
			name = "[CP] Embed Pods Frameworks";
			outputFileListPaths = (
				"${PODS_ROOT}/Target Support Files/Pods-LocalBitcoin/Pods-LocalBitcoin-frameworks-${CONFIGURATION}-output-files.xcfilelist",
			);
			runOnlyForDeploymentPostprocessing = 0;
			shellPath = /bin/sh;
			shellScript = "\"${PODS_ROOT}/Target Support Files/Pods-LocalBitcoin/Pods-LocalBitcoin-frameworks.sh\"\n";
		};
		A06AB8D67550F5383E542DB9 /* [CP] Check Pods Manifest.lock */ = {
			isa = PBXShellScriptBuildPhase;
			buildActionMask = 2147483647;
			files = (
			);
			inputPaths = (
				"${PODS_PODFILE_DIR_PATH}/Podfile.lock",
				"${PODS_ROOT}/Manifest.lock",
			);
			name = "[CP] Check Pods Manifest.lock";
			outputPaths = (
				"$(DERIVED_FILE_DIR)/Pods-LocalBitcoinUITests-checkManifestLockResult.txt",
			);
			runOnlyForDeploymentPostprocessing = 0;
			shellPath = /bin/sh;
			shellScript = "diff \"${PODS_PODFILE_DIR_PATH}/Podfile.lock\" \"${PODS_ROOT}/Manifest.lock\" > /dev/null\nif [ $? != 0 ] ; then\n    # print error to STDERR\n    echo \"error: The sandbox is not in sync with the Podfile.lock. Run 'pod install' or update your CocoaPods installation.\" >&2\n    exit 1\nfi\n# This output is used by Xcode 'outputs' to avoid re-running this script phase.\necho \"SUCCESS\" > \"${SCRIPT_OUTPUT_FILE_0}\"\n";
			showEnvVarsInLog = 0;
		};
		AFACB073CAD1A53866E9F157 /* [CP] Check Pods Manifest.lock */ = {
			isa = PBXShellScriptBuildPhase;
			buildActionMask = 2147483647;
			files = (
			);
			inputPaths = (
				"${PODS_PODFILE_DIR_PATH}/Podfile.lock",
				"${PODS_ROOT}/Manifest.lock",
			);
			name = "[CP] Check Pods Manifest.lock";
			outputPaths = (
				"$(DERIVED_FILE_DIR)/Pods-LocalBitcoin-checkManifestLockResult.txt",
			);
			runOnlyForDeploymentPostprocessing = 0;
			shellPath = /bin/sh;
			shellScript = "diff \"${PODS_PODFILE_DIR_PATH}/Podfile.lock\" \"${PODS_ROOT}/Manifest.lock\" > /dev/null\nif [ $? != 0 ] ; then\n    # print error to STDERR\n    echo \"error: The sandbox is not in sync with the Podfile.lock. Run 'pod install' or update your CocoaPods installation.\" >&2\n    exit 1\nfi\n# This output is used by Xcode 'outputs' to avoid re-running this script phase.\necho \"SUCCESS\" > \"${SCRIPT_OUTPUT_FILE_0}\"\n";
			showEnvVarsInLog = 0;
		};
		EB090389B1C0F0981CCEB304 /* [CP] Check Pods Manifest.lock */ = {
			isa = PBXShellScriptBuildPhase;
			buildActionMask = 2147483647;
			files = (
			);
			inputPaths = (
				"${PODS_PODFILE_DIR_PATH}/Podfile.lock",
				"${PODS_ROOT}/Manifest.lock",
			);
			name = "[CP] Check Pods Manifest.lock";
			outputPaths = (
				"$(DERIVED_FILE_DIR)/Pods-LocalBitcoinTests-checkManifestLockResult.txt",
			);
			runOnlyForDeploymentPostprocessing = 0;
			shellPath = /bin/sh;
			shellScript = "diff \"${PODS_PODFILE_DIR_PATH}/Podfile.lock\" \"${PODS_ROOT}/Manifest.lock\" > /dev/null\nif [ $? != 0 ] ; then\n    # print error to STDERR\n    echo \"error: The sandbox is not in sync with the Podfile.lock. Run 'pod install' or update your CocoaPods installation.\" >&2\n    exit 1\nfi\n# This output is used by Xcode 'outputs' to avoid re-running this script phase.\necho \"SUCCESS\" > \"${SCRIPT_OUTPUT_FILE_0}\"\n";
			showEnvVarsInLog = 0;
		};
/* End PBXShellScriptBuildPhase section */

/* Begin PBXSourcesBuildPhase section */
		1EE2B0F221FA5D7800A090D4 /* Sources */ = {
			isa = PBXSourcesBuildPhase;
			buildActionMask = 2147483647;
			files = (
				1E64C7442205D4D300EF91A3 /* EnvironmentProtocol.swift in Sources */,
				1EB6449F22010BAF002F2188 /* MainListInteractor.swift in Sources */,
				1E6FB79D2225EA8C008E8A7E /* MainListTableViewCell.swift in Sources */,
				1EB6449B220107A6002F2188 /* WebService.swift in Sources */,
				A8ADE7932236C28600F942B7 /* StringExtension.swift in Sources */,
				C58485702258BBBE00BA1502 /* CountriesRouter.swift in Sources */,
				C58485662258BB0300BA1502 /* CountriesViewController.swift in Sources */,
				C5F53B3C2279F620008F542C /* TableViewCellExtension.swift in Sources */,
				1EB64499220106E8002F2188 /* WebServiceProtocol.swift in Sources */,
				C5F53B40227A1127008F542C /* LocaleExtension.swift in Sources */,
				C584857B2258D35000BA1502 /* CountriesDataManagerProtocol.swift in Sources */,
				1EC9111821FFB8A30019F069 /* MainListViewController.swift in Sources */,
				C58485832258F67D00BA1502 /* CountriesServiceProtocol.swift in Sources */,
				C58485792258D32B00BA1502 /* CountriesDataManager.swift in Sources */,
				A8ADE7912236C14600F942B7 /* DataExtension.swift in Sources */,
				1EE3C4C42208ED6B002C1E2F /* MainListModel.swift in Sources */,
				C58485722258BBD000BA1502 /* CountriesRouterProtocol.swift in Sources */,
				1EC9110E21FFB3E00019F069 /* ViperViewController.swift in Sources */,
				1EE2B10221FA5D7800A090D4 /* LocalBitcoin.xcdatamodeld in Sources */,
				1E64C7522205F90D00EF91A3 /* MainListBuilder.swift in Sources */,
				1ED243E42204A231000021CD /* VendorsServiceProtocol.swift in Sources */,
				C5848589225BEC9E00BA1502 /* CountryTableViewCell.swift in Sources */,
				8727C4A922D1044200A50A33 /* UIViewExtension.swift in Sources */,
				C5F53B392279F579008F542C /* RusableCellProtocol.swift in Sources */,
				C584856C2258BB7700BA1502 /* CountriesInteractor.swift in Sources */,
				1E64C7462205D52C00EF91A3 /* Environment.swift in Sources */,
				1EB6449D22010AA0002F2188 /* MainListInteractorProtocol.swift in Sources */,
				C58485752258BC1800BA1502 /* CountriesBuilder.swift in Sources */,
				C584857E2258D57100BA1502 /* Countries.swift in Sources */,
				1EDC8D612206097800047D96 /* MainListTableViewDataSource.swift in Sources */,
				A8ADE78C2236B9B700F942B7 /* DateExtension.swift in Sources */,
				C5F53B3E2279F679008F542C /* TableViewExtension.swift in Sources */,
				C58485812258D82000BA1502 /* CountriesService.swift in Sources */,
				1EC9111421FFB7610019F069 /* MainListPresenter.swift in Sources */,
				1ED243E122049F3E000021CD /* VendorsDataManager.swift in Sources */,
				C58485682258BB2D00BA1502 /* CountriesPresenter.swift in Sources */,
				C584856A2258BB4300BA1502 /* CountriesPresenterProtocol.swift in Sources */,
				C5F53B362279ED11008F542C /* MainListRouter.swift in Sources */,
				C5F53B342279ECE2008F542C /* MainListRouterProtocol.swift in Sources */,
				C584856E2258BB8F00BA1502 /* CountriesInteractorProtocol.swift in Sources */,
				1EB64495220105CB002F2188 /* VendorsDataManagerProtocol.swift in Sources */,
				1E64C74D2205F38000EF91A3 /* BuilderProtocol.swift in Sources */,
				1E64C74B2205F34A00EF91A3 /* MainUserInterfaceBuilder.swift in Sources */,
				1EB64490220103B3002F2188 /* Result.swift in Sources */,
				1ED243E72204C3CD000021CD /* VendorsService.swift in Sources */,
				A8ADE78F2236C0E400F942B7 /* CryptoAlgorithm.swift in Sources */,
				1E64C7482205ECE900EF91A3 /* EnvironmentConsumer.swift in Sources */,
				1EE3C4C72208F1C5002C1E2F /* MainListViewModel.swift in Sources */,
				1EE2B0FA21FA5D7800A090D4 /* AppDelegate.swift in Sources */,
				1EC9111621FFB79A0019F069 /* MainListPresenterProtocol.swift in Sources */,
				1EC9111221FFB43B0019F069 /* ViewProtocol.swift in Sources */,
				1EC9111021FFB4220019F069 /* PresenterProtocol.swift in Sources */,
			);
			runOnlyForDeploymentPostprocessing = 0;
		};
		1EE2B10921FA5D7900A090D4 /* Sources */ = {
			isa = PBXSourcesBuildPhase;
			buildActionMask = 2147483647;
			files = (
				1EE2B11221FA5D7900A090D4 /* LocalBitcoinTests.swift in Sources */,
			);
			runOnlyForDeploymentPostprocessing = 0;
		};
		1EE2B11421FA5D7900A090D4 /* Sources */ = {
			isa = PBXSourcesBuildPhase;
			buildActionMask = 2147483647;
			files = (
				1EE2B11D21FA5D7900A090D4 /* LocalBitcoinUITests.swift in Sources */,
			);
			runOnlyForDeploymentPostprocessing = 0;
		};
/* End PBXSourcesBuildPhase section */

/* Begin PBXTargetDependency section */
		1EE2B10F21FA5D7900A090D4 /* PBXTargetDependency */ = {
			isa = PBXTargetDependency;
			target = 1EE2B0F521FA5D7800A090D4 /* LocalBitcoin */;
			targetProxy = 1EE2B10E21FA5D7900A090D4 /* PBXContainerItemProxy */;
		};
		1EE2B11A21FA5D7900A090D4 /* PBXTargetDependency */ = {
			isa = PBXTargetDependency;
			target = 1EE2B0F521FA5D7800A090D4 /* LocalBitcoin */;
			targetProxy = 1EE2B11921FA5D7900A090D4 /* PBXContainerItemProxy */;
		};
/* End PBXTargetDependency section */

/* Begin PBXVariantGroup section */
		1EE2B0FD21FA5D7800A090D4 /* Main.storyboard */ = {
			isa = PBXVariantGroup;
			children = (
				1EE2B0FE21FA5D7800A090D4 /* Base */,
			);
			name = Main.storyboard;
			sourceTree = "<group>";
		};
		1EE2B10521FA5D7900A090D4 /* LaunchScreen.storyboard */ = {
			isa = PBXVariantGroup;
			children = (
				1EE2B10621FA5D7900A090D4 /* Base */,
			);
			name = LaunchScreen.storyboard;
			sourceTree = "<group>";
		};
/* End PBXVariantGroup section */

/* Begin XCBuildConfiguration section */
		1EE2B11F21FA5D7900A090D4 /* Debug */ = {
			isa = XCBuildConfiguration;
			buildSettings = {
				ALWAYS_SEARCH_USER_PATHS = NO;
				CLANG_ANALYZER_NONNULL = YES;
				CLANG_ANALYZER_NUMBER_OBJECT_CONVERSION = YES_AGGRESSIVE;
				CLANG_CXX_LANGUAGE_STANDARD = "gnu++14";
				CLANG_CXX_LIBRARY = "libc++";
				CLANG_ENABLE_MODULES = YES;
				CLANG_ENABLE_OBJC_ARC = YES;
				CLANG_ENABLE_OBJC_WEAK = YES;
				CLANG_WARN_BLOCK_CAPTURE_AUTORELEASING = YES;
				CLANG_WARN_BOOL_CONVERSION = YES;
				CLANG_WARN_COMMA = YES;
				CLANG_WARN_CONSTANT_CONVERSION = YES;
				CLANG_WARN_DEPRECATED_OBJC_IMPLEMENTATIONS = YES;
				CLANG_WARN_DIRECT_OBJC_ISA_USAGE = YES_ERROR;
				CLANG_WARN_DOCUMENTATION_COMMENTS = YES;
				CLANG_WARN_EMPTY_BODY = YES;
				CLANG_WARN_ENUM_CONVERSION = YES;
				CLANG_WARN_INFINITE_RECURSION = YES;
				CLANG_WARN_INT_CONVERSION = YES;
				CLANG_WARN_NON_LITERAL_NULL_CONVERSION = YES;
				CLANG_WARN_OBJC_IMPLICIT_RETAIN_SELF = YES;
				CLANG_WARN_OBJC_LITERAL_CONVERSION = YES;
				CLANG_WARN_OBJC_ROOT_CLASS = YES_ERROR;
				CLANG_WARN_RANGE_LOOP_ANALYSIS = YES;
				CLANG_WARN_STRICT_PROTOTYPES = YES;
				CLANG_WARN_SUSPICIOUS_MOVE = YES;
				CLANG_WARN_UNGUARDED_AVAILABILITY = YES_AGGRESSIVE;
				CLANG_WARN_UNREACHABLE_CODE = YES;
				CLANG_WARN__DUPLICATE_METHOD_MATCH = YES;
				CODE_SIGN_IDENTITY = "iPhone Developer";
				COPY_PHASE_STRIP = NO;
				DEBUG_INFORMATION_FORMAT = dwarf;
				ENABLE_STRICT_OBJC_MSGSEND = YES;
				ENABLE_TESTABILITY = YES;
				GCC_C_LANGUAGE_STANDARD = gnu11;
				GCC_DYNAMIC_NO_PIC = NO;
				GCC_NO_COMMON_BLOCKS = YES;
				GCC_OPTIMIZATION_LEVEL = 0;
				GCC_PREPROCESSOR_DEFINITIONS = (
					"DEBUG=1",
					"$(inherited)",
				);
				GCC_WARN_64_TO_32_BIT_CONVERSION = YES;
				GCC_WARN_ABOUT_RETURN_TYPE = YES_ERROR;
				GCC_WARN_UNDECLARED_SELECTOR = YES;
				GCC_WARN_UNINITIALIZED_AUTOS = YES_AGGRESSIVE;
				GCC_WARN_UNUSED_FUNCTION = YES;
				GCC_WARN_UNUSED_VARIABLE = YES;
				IPHONEOS_DEPLOYMENT_TARGET = 12.1;
				MTL_ENABLE_DEBUG_INFO = INCLUDE_SOURCE;
				MTL_FAST_MATH = YES;
				ONLY_ACTIVE_ARCH = YES;
				SDKROOT = iphoneos;
				SWIFT_ACTIVE_COMPILATION_CONDITIONS = DEBUG;
				SWIFT_OPTIMIZATION_LEVEL = "-Onone";
			};
			name = Debug;
		};
		1EE2B12021FA5D7900A090D4 /* Release */ = {
			isa = XCBuildConfiguration;
			buildSettings = {
				ALWAYS_SEARCH_USER_PATHS = NO;
				CLANG_ANALYZER_NONNULL = YES;
				CLANG_ANALYZER_NUMBER_OBJECT_CONVERSION = YES_AGGRESSIVE;
				CLANG_CXX_LANGUAGE_STANDARD = "gnu++14";
				CLANG_CXX_LIBRARY = "libc++";
				CLANG_ENABLE_MODULES = YES;
				CLANG_ENABLE_OBJC_ARC = YES;
				CLANG_ENABLE_OBJC_WEAK = YES;
				CLANG_WARN_BLOCK_CAPTURE_AUTORELEASING = YES;
				CLANG_WARN_BOOL_CONVERSION = YES;
				CLANG_WARN_COMMA = YES;
				CLANG_WARN_CONSTANT_CONVERSION = YES;
				CLANG_WARN_DEPRECATED_OBJC_IMPLEMENTATIONS = YES;
				CLANG_WARN_DIRECT_OBJC_ISA_USAGE = YES_ERROR;
				CLANG_WARN_DOCUMENTATION_COMMENTS = YES;
				CLANG_WARN_EMPTY_BODY = YES;
				CLANG_WARN_ENUM_CONVERSION = YES;
				CLANG_WARN_INFINITE_RECURSION = YES;
				CLANG_WARN_INT_CONVERSION = YES;
				CLANG_WARN_NON_LITERAL_NULL_CONVERSION = YES;
				CLANG_WARN_OBJC_IMPLICIT_RETAIN_SELF = YES;
				CLANG_WARN_OBJC_LITERAL_CONVERSION = YES;
				CLANG_WARN_OBJC_ROOT_CLASS = YES_ERROR;
				CLANG_WARN_RANGE_LOOP_ANALYSIS = YES;
				CLANG_WARN_STRICT_PROTOTYPES = YES;
				CLANG_WARN_SUSPICIOUS_MOVE = YES;
				CLANG_WARN_UNGUARDED_AVAILABILITY = YES_AGGRESSIVE;
				CLANG_WARN_UNREACHABLE_CODE = YES;
				CLANG_WARN__DUPLICATE_METHOD_MATCH = YES;
				CODE_SIGN_IDENTITY = "iPhone Developer";
				COPY_PHASE_STRIP = NO;
				DEBUG_INFORMATION_FORMAT = "dwarf-with-dsym";
				ENABLE_NS_ASSERTIONS = NO;
				ENABLE_STRICT_OBJC_MSGSEND = YES;
				GCC_C_LANGUAGE_STANDARD = gnu11;
				GCC_NO_COMMON_BLOCKS = YES;
				GCC_WARN_64_TO_32_BIT_CONVERSION = YES;
				GCC_WARN_ABOUT_RETURN_TYPE = YES_ERROR;
				GCC_WARN_UNDECLARED_SELECTOR = YES;
				GCC_WARN_UNINITIALIZED_AUTOS = YES_AGGRESSIVE;
				GCC_WARN_UNUSED_FUNCTION = YES;
				GCC_WARN_UNUSED_VARIABLE = YES;
				IPHONEOS_DEPLOYMENT_TARGET = 12.1;
				MTL_ENABLE_DEBUG_INFO = NO;
				MTL_FAST_MATH = YES;
				SDKROOT = iphoneos;
				SWIFT_COMPILATION_MODE = wholemodule;
				SWIFT_OPTIMIZATION_LEVEL = "-O";
				VALIDATE_PRODUCT = YES;
			};
			name = Release;
		};
		1EE2B12221FA5D7900A090D4 /* Debug */ = {
			isa = XCBuildConfiguration;
			baseConfigurationReference = FF942E57BEEAF169324274F7 /* Pods-LocalBitcoin.debug.xcconfig */;
			buildSettings = {
				ASSETCATALOG_COMPILER_APPICON_NAME = AppIcon;
				CODE_SIGN_STYLE = Automatic;
				INFOPLIST_FILE = LocalBitcoin/Info.plist;
				IPHONEOS_DEPLOYMENT_TARGET = 11.0;
				LD_RUNPATH_SEARCH_PATHS = (
					"$(inherited)",
					"@executable_path/Frameworks",
				);
				PRODUCT_BUNDLE_IDENTIFIER = com.johanncasique.LocalBitcoin;
				PRODUCT_NAME = "$(TARGET_NAME)";
				SWIFT_VERSION = 4.2;
				TARGETED_DEVICE_FAMILY = 1;
			};
			name = Debug;
		};
		1EE2B12321FA5D7900A090D4 /* Release */ = {
			isa = XCBuildConfiguration;
			baseConfigurationReference = 789F1FD5514971FE77E48228 /* Pods-LocalBitcoin.release.xcconfig */;
			buildSettings = {
				ASSETCATALOG_COMPILER_APPICON_NAME = AppIcon;
				CODE_SIGN_STYLE = Automatic;
				INFOPLIST_FILE = LocalBitcoin/Info.plist;
				IPHONEOS_DEPLOYMENT_TARGET = 11.0;
				LD_RUNPATH_SEARCH_PATHS = (
					"$(inherited)",
					"@executable_path/Frameworks",
				);
				PRODUCT_BUNDLE_IDENTIFIER = com.johanncasique.LocalBitcoin;
				PRODUCT_NAME = "$(TARGET_NAME)";
				SWIFT_VERSION = 4.2;
				TARGETED_DEVICE_FAMILY = 1;
			};
			name = Release;
		};
		1EE2B12521FA5D7900A090D4 /* Debug */ = {
			isa = XCBuildConfiguration;
			baseConfigurationReference = 1D0E3C8B24878047F644221D /* Pods-LocalBitcoinTests.debug.xcconfig */;
			buildSettings = {
				ALWAYS_EMBED_SWIFT_STANDARD_LIBRARIES = YES;
				BUNDLE_LOADER = "$(TEST_HOST)";
				CODE_SIGN_STYLE = Automatic;
				INFOPLIST_FILE = LocalBitcoinTests/Info.plist;
				LD_RUNPATH_SEARCH_PATHS = (
					"$(inherited)",
					"@executable_path/Frameworks",
					"@loader_path/Frameworks",
				);
				PRODUCT_BUNDLE_IDENTIFIER = com.johanncasique.LocalBitcoinTests;
				PRODUCT_NAME = "$(TARGET_NAME)";
				SWIFT_VERSION = 4.2;
				TARGETED_DEVICE_FAMILY = "1,2";
				TEST_HOST = "$(BUILT_PRODUCTS_DIR)/LocalBitcoin.app/LocalBitcoin";
			};
			name = Debug;
		};
		1EE2B12621FA5D7900A090D4 /* Release */ = {
			isa = XCBuildConfiguration;
			baseConfigurationReference = 46C362AED1B8D9930D7A473B /* Pods-LocalBitcoinTests.release.xcconfig */;
			buildSettings = {
				ALWAYS_EMBED_SWIFT_STANDARD_LIBRARIES = YES;
				BUNDLE_LOADER = "$(TEST_HOST)";
				CODE_SIGN_STYLE = Automatic;
				INFOPLIST_FILE = LocalBitcoinTests/Info.plist;
				LD_RUNPATH_SEARCH_PATHS = (
					"$(inherited)",
					"@executable_path/Frameworks",
					"@loader_path/Frameworks",
				);
				PRODUCT_BUNDLE_IDENTIFIER = com.johanncasique.LocalBitcoinTests;
				PRODUCT_NAME = "$(TARGET_NAME)";
				SWIFT_VERSION = 4.2;
				TARGETED_DEVICE_FAMILY = "1,2";
				TEST_HOST = "$(BUILT_PRODUCTS_DIR)/LocalBitcoin.app/LocalBitcoin";
			};
			name = Release;
		};
		1EE2B12821FA5D7900A090D4 /* Debug */ = {
			isa = XCBuildConfiguration;
			baseConfigurationReference = 6891610F5DBFF663BB4FCCE9 /* Pods-LocalBitcoinUITests.debug.xcconfig */;
			buildSettings = {
				ALWAYS_EMBED_SWIFT_STANDARD_LIBRARIES = YES;
				CODE_SIGN_STYLE = Automatic;
				INFOPLIST_FILE = LocalBitcoinUITests/Info.plist;
				LD_RUNPATH_SEARCH_PATHS = (
					"$(inherited)",
					"@executable_path/Frameworks",
					"@loader_path/Frameworks",
				);
				PRODUCT_BUNDLE_IDENTIFIER = com.johanncasique.LocalBitcoinUITests;
				PRODUCT_NAME = "$(TARGET_NAME)";
				SWIFT_VERSION = 4.2;
				TARGETED_DEVICE_FAMILY = "1,2";
				TEST_TARGET_NAME = LocalBitcoin;
			};
			name = Debug;
		};
		1EE2B12921FA5D7900A090D4 /* Release */ = {
			isa = XCBuildConfiguration;
			baseConfigurationReference = C12F70F427603806DE628A59 /* Pods-LocalBitcoinUITests.release.xcconfig */;
			buildSettings = {
				ALWAYS_EMBED_SWIFT_STANDARD_LIBRARIES = YES;
				CODE_SIGN_STYLE = Automatic;
				INFOPLIST_FILE = LocalBitcoinUITests/Info.plist;
				LD_RUNPATH_SEARCH_PATHS = (
					"$(inherited)",
					"@executable_path/Frameworks",
					"@loader_path/Frameworks",
				);
				PRODUCT_BUNDLE_IDENTIFIER = com.johanncasique.LocalBitcoinUITests;
				PRODUCT_NAME = "$(TARGET_NAME)";
				SWIFT_VERSION = 4.2;
				TARGETED_DEVICE_FAMILY = "1,2";
				TEST_TARGET_NAME = LocalBitcoin;
			};
			name = Release;
		};
/* End XCBuildConfiguration section */

/* Begin XCConfigurationList section */
		1EE2B0F121FA5D7700A090D4 /* Build configuration list for PBXProject "LocalBitcoin" */ = {
			isa = XCConfigurationList;
			buildConfigurations = (
				1EE2B11F21FA5D7900A090D4 /* Debug */,
				1EE2B12021FA5D7900A090D4 /* Release */,
			);
			defaultConfigurationIsVisible = 0;
			defaultConfigurationName = Release;
		};
		1EE2B12121FA5D7900A090D4 /* Build configuration list for PBXNativeTarget "LocalBitcoin" */ = {
			isa = XCConfigurationList;
			buildConfigurations = (
				1EE2B12221FA5D7900A090D4 /* Debug */,
				1EE2B12321FA5D7900A090D4 /* Release */,
			);
			defaultConfigurationIsVisible = 0;
			defaultConfigurationName = Release;
		};
		1EE2B12421FA5D7900A090D4 /* Build configuration list for PBXNativeTarget "LocalBitcoinTests" */ = {
			isa = XCConfigurationList;
			buildConfigurations = (
				1EE2B12521FA5D7900A090D4 /* Debug */,
				1EE2B12621FA5D7900A090D4 /* Release */,
			);
			defaultConfigurationIsVisible = 0;
			defaultConfigurationName = Release;
		};
		1EE2B12721FA5D7900A090D4 /* Build configuration list for PBXNativeTarget "LocalBitcoinUITests" */ = {
			isa = XCConfigurationList;
			buildConfigurations = (
				1EE2B12821FA5D7900A090D4 /* Debug */,
				1EE2B12921FA5D7900A090D4 /* Release */,
			);
			defaultConfigurationIsVisible = 0;
			defaultConfigurationName = Release;
		};
/* End XCConfigurationList section */

/* Begin XCVersionGroup section */
		1EE2B10021FA5D7800A090D4 /* LocalBitcoin.xcdatamodeld */ = {
			isa = XCVersionGroup;
			children = (
				1EE2B10121FA5D7800A090D4 /* LocalBitcoin.xcdatamodel */,
			);
			currentVersion = 1EE2B10121FA5D7800A090D4 /* LocalBitcoin.xcdatamodel */;
			path = LocalBitcoin.xcdatamodeld;
			sourceTree = "<group>";
			versionGroupType = wrapper.xcdatamodel;
		};
/* End XCVersionGroup section */
	};
	rootObject = 1EE2B0EE21FA5D7700A090D4 /* Project object */;
}
